
Microsoft Visual Studio Solution File, Format Version 12.00
# Visual Studio Version 16
VisualStudioVersion = 16.0.29215.179
MinimumVisualStudioVersion = 10.0.40219.1
Project("{FAE04EC0-301F-11D3-BF4B-00C04F79EFBC}") = "mayor y menor", "mayor y menor\mayor y menor.csproj", "{7F6D71A5-532D-4761-870C-6BDFE955E995}"
EndProject
Global
	GlobalSection(SolutionConfigurationPlatforms) = preSolution
		Debug|Any CPU = Debug|Any CPU
		Release|Any CPU = Release|Any CPU
	EndGlobalSection
	GlobalSection(ProjectConfigurationPlatforms) = postSolution
		{7F6D71A5-532D-4761-870C-6BDFE955E995}.Debug|Any CPU.ActiveCfg = Debug|Any CPU
		{7F6D71A5-532D-4761-870C-6BDFE955E995}.Debug|Any CPU.Build.0 = Debug|Any CPU
		{7F6D71A5-532D-4761-870C-6BDFE955E995}.Release|Any CPU.ActiveCfg = Release|Any CPU
		{7F6D71A5-532D-4761-870C-6BDFE955E995}.Release|Any CPU.Build.0 = Release|Any CPU
	EndGlobalSection
	GlobalSection(SolutionProperties) = preSolution
		HideSolutionNode = FALSE
	EndGlobalSection
	GlobalSection(ExtensibilityGlobals) = postSolution
		SolutionGuid = {B8178908-9C35-48B2-A755-C2E4AB60EE61}
	EndGlobalSection
EndGlobal
